# THIS IS AN AUTOGENERATED FILE. DO NOT EDIT THIS FILE DIRECTLY.
# yarn lockfile v1


"@cobraz/prettier@^2.0.0":
  version "2.0.0"
  resolved "https://registry.yarnpkg.com/@cobraz/prettier/-/prettier-2.0.0.tgz#4219ed6024e484a3e4e08ad30b2ba0f33660573e"
  integrity sha512-3Kug2HKJPW96INaTFGtqPP5tJaMRwhZkA2e2mLQ7REp2Wzd0Brmg4uL94zAFKCPEmX59iUTZF0GAHtljACqwWA==

"@tsconfig/node16@^1.0.2":
  version "1.0.2"
  resolved "https://registry.yarnpkg.com/@tsconfig/node16/-/node16-1.0.2.tgz#423c77877d0569db20e1fc80885ac4118314010e"
  integrity sha512-eZxlbI8GZscaGS7kkc/trHTT5xgrjH3/1n2JDwusC9iahPKWMRvRjJSAN5mCXviuTGQ/lHnhvv8Q1YTpnfz9gA==

"@types/node@16":
  version "16.11.20"
  resolved "https://registry.yarnpkg.com/@types/node/-/node-16.11.20.tgz#334b116c6d41143c92599965e14b5a3dd68c5d1f"
  integrity sha512-lAKaZ0Lc1Umwd0AqLr6iy5U8u/1DpK7/JzNgQn9cMMUk2mFR8bbhEP8BQrI9Cm5CU0bOVCaWbkGBvgqKMOJHsw==

prettier@^2.5.1:
  version "2.5.1"
  resolved "https://registry.yarnpkg.com/prettier/-/prettier-2.5.1.tgz#fff75fa9d519c54cf0fce328c1017d94546bc56a"
  integrity sha512-vBZcPRUR5MZJwoyi3ZoyQlc1rXeEck8KgeC9AwwOn+exuxLxq5toTRDTSaVrXHxelDMHy9zlicw8u66yxoSUFg==

runtypes@^6.5.0:
  version "6.5.0"
  resolved "https://registry.yarnpkg.com/runtypes/-/runtypes-6.5.0.tgz#019c70c8f20659ca0339c95cb1e881573ba30d82"
  integrity sha512-+jK1mRi6KvZ9m+LGxCYUY9CJMxCLz8LDRiGtBrq5UKvgOv2MocrXMc2D1dDkY7gRR8BzfG64yTsGdS2aC7arpQ==

typescript@^4.5.4:
  version "4.5.4"
  resolved "https://registry.yarnpkg.com/typescript/-/typescript-4.5.4.tgz#a17d3a0263bf5c8723b9c52f43c5084edf13c2e8"
  integrity sha512-VgYs2A2QIRuGphtzFV7aQJduJ2gyfTljngLzjpfW9FoYZF6xuw1W0vW9ghCKLfcWrCFxK81CSGRAvS1pn4fIUg==
